
Microsoft Visual Studio Solution File, Format Version 12.00
# Visual Studio Version 16
VisualStudioVersion = 16.0.30523.141
MinimumVisualStudioVersion = 10.0.40219.1
Project("{FAE04EC0-301F-11D3-BF4B-00C04F79EFBC}") = "CSharp - Laboration 4 Library", "CSharp -  Laboration 4\CSharp - Laboration 4 Library.csproj", "{CCB3C1F6-8ED3-4B8B-8075-03564E6B63B1}"
EndProject
Project("{FAE04EC0-301F-11D3-BF4B-00C04F79EFBC}") = "CSharp - Laboration 4 Console Application", "CSharp -  Laboration 4 Console Application\CSharp - Laboration 4 Console Application.csproj", "{FC81196A-C977-4D24-BD67-E28B6E69E80C}"
EndProject
Project("{FAE04EC0-301F-11D3-BF4B-00C04F79EFBC}") = "CSharp - Laboration 4 WinForms Application", "CSharp -  Laboration 4 WinForms Application\CSharp - Laboration 4 WinForms Application.csproj", "{218D2BFE-9A45-40CC-8AD3-EF6EA3EB6147}"
EndProject
Global
	GlobalSection(SolutionConfigurationPlatforms) = preSolution
		Debug|Any CPU = Debug|Any CPU
		Release|Any CPU = Release|Any CPU
	EndGlobalSection
	GlobalSection(ProjectConfigurationPlatforms) = postSolution
		{CCB3C1F6-8ED3-4B8B-8075-03564E6B63B1}.Debug|Any CPU.ActiveCfg = Debug|Any CPU
		{CCB3C1F6-8ED3-4B8B-8075-03564E6B63B1}.Debug|Any CPU.Build.0 = Debug|Any CPU
		{CCB3C1F6-8ED3-4B8B-8075-03564E6B63B1}.Release|Any CPU.ActiveCfg = Release|Any CPU
		{CCB3C1F6-8ED3-4B8B-8075-03564E6B63B1}.Release|Any CPU.Build.0 = Release|Any CPU
		{FC81196A-C977-4D24-BD67-E28B6E69E80C}.Debug|Any CPU.ActiveCfg = Debug|Any CPU
		{FC81196A-C977-4D24-BD67-E28B6E69E80C}.Debug|Any CPU.Build.0 = Debug|Any CPU
		{FC81196A-C977-4D24-BD67-E28B6E69E80C}.Release|Any CPU.ActiveCfg = Release|Any CPU
		{FC81196A-C977-4D24-BD67-E28B6E69E80C}.Release|Any CPU.Build.0 = Release|Any CPU
		{218D2BFE-9A45-40CC-8AD3-EF6EA3EB6147}.Debug|Any CPU.ActiveCfg = Debug|Any CPU
		{218D2BFE-9A45-40CC-8AD3-EF6EA3EB6147}.Debug|Any CPU.Build.0 = Debug|Any CPU
		{218D2BFE-9A45-40CC-8AD3-EF6EA3EB6147}.Release|Any CPU.ActiveCfg = Release|Any CPU
		{218D2BFE-9A45-40CC-8AD3-EF6EA3EB6147}.Release|Any CPU.Build.0 = Release|Any CPU
	EndGlobalSection
	GlobalSection(SolutionProperties) = preSolution
		HideSolutionNode = FALSE
	EndGlobalSection
	GlobalSection(ExtensibilityGlobals) = postSolution
		SolutionGuid = {D29D2E05-0324-4492-922A-53A763698716}
	EndGlobalSection
EndGlobal
